
Microsoft Visual Studio Solution File, Format Version 12.00
# Visual Studio 14
VisualStudioVersion = 14.0.24720.0
MinimumVisualStudioVersion = 10.0.40219.1
Project("{FAE04EC0-301F-11D3-BF4B-00C04F79EFBC}") = "Model", "Model\Model.csproj", "{464A4762-4F4C-4A17-BE25-7C7E99602720}"
EndProject
Project("{FAE04EC0-301F-11D3-BF4B-00C04F79EFBC}") = "WebAPI", "WebAPI\WebAPI.csproj", "{FABBD019-5FD3-44E7-9B10-F4AFC79FAE6E}"
EndProject
Project("{FAE04EC0-301F-11D3-BF4B-00C04F79EFBC}") = "HotelManagementDesktop", "HotelManagementDesktop\HotelManagementDesktop.csproj", "{24A51798-DE6B-4876-AEB7-A4770C4CDDFF}"
EndProject
Project("{FAE04EC0-301F-11D3-BF4B-00C04F79EFBC}") = "WebApplication", "WebApplication\WebApplication.csproj", "{D257BBDE-44F0-4E3D-B4C0-F8B531277E32}"
EndProject
Project("{FAE04EC0-301F-11D3-BF4B-00C04F79EFBC}") = "HttpRequest", "HttpRequest\HttpRequest.csproj", "{66CA53E1-0A57-43E7-B011-CD62049EFF17}"
EndProject
Global
	GlobalSection(SolutionConfigurationPlatforms) = preSolution
		Debug|Any CPU = Debug|Any CPU
		Release|Any CPU = Release|Any CPU
	EndGlobalSection
	GlobalSection(ProjectConfigurationPlatforms) = postSolution
		{464A4762-4F4C-4A17-BE25-7C7E99602720}.Debug|Any CPU.ActiveCfg = Debug|Any CPU
		{464A4762-4F4C-4A17-BE25-7C7E99602720}.Debug|Any CPU.Build.0 = Debug|Any CPU
		{464A4762-4F4C-4A17-BE25-7C7E99602720}.Release|Any CPU.ActiveCfg = Release|Any CPU
		{464A4762-4F4C-4A17-BE25-7C7E99602720}.Release|Any CPU.Build.0 = Release|Any CPU
		{FABBD019-5FD3-44E7-9B10-F4AFC79FAE6E}.Debug|Any CPU.ActiveCfg = Debug|Any CPU
		{FABBD019-5FD3-44E7-9B10-F4AFC79FAE6E}.Debug|Any CPU.Build.0 = Debug|Any CPU
		{FABBD019-5FD3-44E7-9B10-F4AFC79FAE6E}.Debug|Any CPU.Deploy.0 = Debug|Any CPU
		{FABBD019-5FD3-44E7-9B10-F4AFC79FAE6E}.Release|Any CPU.ActiveCfg = Release|Any CPU
		{FABBD019-5FD3-44E7-9B10-F4AFC79FAE6E}.Release|Any CPU.Build.0 = Release|Any CPU
		{24A51798-DE6B-4876-AEB7-A4770C4CDDFF}.Debug|Any CPU.ActiveCfg = Debug|Any CPU
		{24A51798-DE6B-4876-AEB7-A4770C4CDDFF}.Debug|Any CPU.Build.0 = Debug|Any CPU
		{24A51798-DE6B-4876-AEB7-A4770C4CDDFF}.Release|Any CPU.ActiveCfg = Release|Any CPU
		{24A51798-DE6B-4876-AEB7-A4770C4CDDFF}.Release|Any CPU.Build.0 = Release|Any CPU
		{D257BBDE-44F0-4E3D-B4C0-F8B531277E32}.Debug|Any CPU.ActiveCfg = Debug|Any CPU
		{D257BBDE-44F0-4E3D-B4C0-F8B531277E32}.Debug|Any CPU.Build.0 = Debug|Any CPU
		{D257BBDE-44F0-4E3D-B4C0-F8B531277E32}.Release|Any CPU.ActiveCfg = Release|Any CPU
		{D257BBDE-44F0-4E3D-B4C0-F8B531277E32}.Release|Any CPU.Build.0 = Release|Any CPU
		{66CA53E1-0A57-43E7-B011-CD62049EFF17}.Debug|Any CPU.ActiveCfg = Debug|Any CPU
		{66CA53E1-0A57-43E7-B011-CD62049EFF17}.Debug|Any CPU.Build.0 = Debug|Any CPU
		{66CA53E1-0A57-43E7-B011-CD62049EFF17}.Release|Any CPU.ActiveCfg = Release|Any CPU
		{66CA53E1-0A57-43E7-B011-CD62049EFF17}.Release|Any CPU.Build.0 = Release|Any CPU
	EndGlobalSection
	GlobalSection(SolutionProperties) = preSolution
		HideSolutionNode = FALSE
	EndGlobalSection
EndGlobal
